
Microsoft Visual Studio Solution File, Format Version 12.00
# Visual Studio Version 17
VisualStudioVersion = 17.13.35806.99 d17.13
MinimumVisualStudioVersion = 10.0.40219.1
Project("{FAE04EC0-301F-11D3-BF4B-00C04F79EFBC}") = "ZooAnimalManagementSystem", "ZooAnimalManagementSystem.csproj", "{922662C1-365A-4E42-8390-F67F3B43D174}"
EndProject
Global
	GlobalSection(SolutionConfigurationPlatforms) = preSolution
		Debug|Any CPU = Debug|Any CPU
		Release|Any CPU = Release|Any CPU
	EndGlobalSection
	GlobalSection(ProjectConfigurationPlatforms) = postSolution
		{922662C1-365A-4E42-8390-F67F3B43D174}.Debug|Any CPU.ActiveCfg = Debug|Any CPU
		{922662C1-365A-4E42-8390-F67F3B43D174}.Debug|Any CPU.Build.0 = Debug|Any CPU
		{922662C1-365A-4E42-8390-F67F3B43D174}.Release|Any CPU.ActiveCfg = Release|Any CPU
		{922662C1-365A-4E42-8390-F67F3B43D174}.Release|Any CPU.Build.0 = Release|Any CPU
	EndGlobalSection
	GlobalSection(SolutionProperties) = preSolution
		HideSolutionNode = FALSE
	EndGlobalSection
	GlobalSection(ExtensibilityGlobals) = postSolution
		SolutionGuid = {F96503BA-2E46-4D6E-9415-8A8AEE7F679D}
	EndGlobalSection
EndGlobal
